
Microsoft Visual Studio Solution File, Format Version 12.00
# Visual Studio Version 17
VisualStudioVersion = 17.11.35431.28
MinimumVisualStudioVersion = 10.0.40219.1
Project("{FAE04EC0-301F-11D3-BF4B-00C04F79EFBC}") = "DB_Project", "DB_Project.csproj", "{DEBAFB0B-FBD6-497B-8973-F52D0D57A59D}"
EndProject
Global
	GlobalSection(SolutionConfigurationPlatforms) = preSolution
		Debug|Any CPU = Debug|Any CPU
		Release|Any CPU = Release|Any CPU
	EndGlobalSection
	GlobalSection(ProjectConfigurationPlatforms) = postSolution
		{DEBAFB0B-FBD6-497B-8973-F52D0D57A59D}.Debug|Any CPU.ActiveCfg = Debug|Any CPU
		{DEBAFB0B-FBD6-497B-8973-F52D0D57A59D}.Debug|Any CPU.Build.0 = Debug|Any CPU
		{DEBAFB0B-FBD6-497B-8973-F52D0D57A59D}.Release|Any CPU.ActiveCfg = Release|Any CPU
		{DEBAFB0B-FBD6-497B-8973-F52D0D57A59D}.Release|Any CPU.Build.0 = Release|Any CPU
	EndGlobalSection
	GlobalSection(SolutionProperties) = preSolution
		HideSolutionNode = FALSE
	EndGlobalSection
	GlobalSection(ExtensibilityGlobals) = postSolution
		SolutionGuid = {5304A44E-BFA6-46D2-AFAB-B9732884CBA0}
	EndGlobalSection
EndGlobal
